
Microsoft Visual Studio Solution File, Format Version 12.00
# Visual Studio Version 17
VisualStudioVersion = 17.0.31912.275
MinimumVisualStudioVersion = 10.0.40219.1
Project("{FAE04EC0-301F-11D3-BF4B-00C04F79EFBC}") = "RealPromo.UWP", "RealPromo\RealPromo.UWP\RealPromo.UWP.csproj", "{ACB64338-2EA1-4812-ABA5-737C0ADCE716}"
EndProject
Project("{FAE04EC0-301F-11D3-BF4B-00C04F79EFBC}") = "RealPromo.Android", "RealPromo\RealPromo.Android\RealPromo.Android.csproj", "{7EAC8C4D-8A1F-450B-B0CB-2A6B2BD0E46D}"
EndProject
Project("{FAE04EC0-301F-11D3-BF4B-00C04F79EFBC}") = "RealPromo.iOS", "RealPromo\RealPromo.iOS\RealPromo.iOS.csproj", "{5D196DE2-9A4A-42BE-9462-D296DCDC2B47}"
EndProject
Project("{FAE04EC0-301F-11D3-BF4B-00C04F79EFBC}") = "RealPromo", "RealPromo\RealPromo\RealPromo.csproj", "{9C83BCF0-1385-43B5-AA24-1686F541F529}"
EndProject
Global
	GlobalSection(SolutionConfigurationPlatforms) = preSolution
		Debug|Any CPU = Debug|Any CPU
		Debug|ARM = Debug|ARM
		Debug|iPhone = Debug|iPhone
		Debug|iPhoneSimulator = Debug|iPhoneSimulator
		Debug|x64 = Debug|x64
		Debug|x86 = Debug|x86
		Release|Any CPU = Release|Any CPU
		Release|ARM = Release|ARM
		Release|iPhone = Release|iPhone
		Release|iPhoneSimulator = Release|iPhoneSimulator
		Release|x64 = Release|x64
		Release|x86 = Release|x86
	EndGlobalSection
	GlobalSection(ProjectConfigurationPlatforms) = postSolution
		{ACB64338-2EA1-4812-ABA5-737C0ADCE716}.Debug|Any CPU.ActiveCfg = Debug|x64
		{ACB64338-2EA1-4812-ABA5-737C0ADCE716}.Debug|Any CPU.Build.0 = Debug|x64
		{ACB64338-2EA1-4812-ABA5-737C0ADCE716}.Debug|Any CPU.Deploy.0 = Debug|x64
		{ACB64338-2EA1-4812-ABA5-737C0ADCE716}.Debug|ARM.ActiveCfg = Debug|ARM
		{ACB64338-2EA1-4812-ABA5-737C0ADCE716}.Debug|ARM.Build.0 = Debug|ARM
		{ACB64338-2EA1-4812-ABA5-737C0ADCE716}.Debug|ARM.Deploy.0 = Debug|ARM
		{ACB64338-2EA1-4812-ABA5-737C0ADCE716}.Debug|iPhone.ActiveCfg = Debug|x64
		{ACB64338-2EA1-4812-ABA5-737C0ADCE716}.Debug|iPhone.Build.0 = Debug|x64
		{ACB64338-2EA1-4812-ABA5-737C0ADCE716}.Debug|iPhone.Deploy.0 = Debug|x64
		{ACB64338-2EA1-4812-ABA5-737C0ADCE716}.Debug|iPhoneSimulator.ActiveCfg = Debug|x64
		{ACB64338-2EA1-4812-ABA5-737C0ADCE716}.Debug|iPhoneSimulator.Build.0 = Debug|x64
		{ACB64338-2EA1-4812-ABA5-737C0ADCE716}.Debug|iPhoneSimulator.Deploy.0 = Debug|x64
		{ACB64338-2EA1-4812-ABA5-737C0ADCE716}.Debug|x64.ActiveCfg = Debug|x64
		{ACB64338-2EA1-4812-ABA5-737C0ADCE716}.Debug|x64.Build.0 = Debug|x64
		{ACB64338-2EA1-4812-ABA5-737C0ADCE716}.Debug|x64.Deploy.0 = Debug|x64
		{ACB64338-2EA1-4812-ABA5-737C0ADCE716}.Debug|x86.ActiveCfg = Debug|x86
		{ACB64338-2EA1-4812-ABA5-737C0ADCE716}.Debug|x86.Build.0 = Debug|x86
		{ACB64338-2EA1-4812-ABA5-737C0ADCE716}.Debug|x86.Deploy.0 = Debug|x86
		{ACB64338-2EA1-4812-ABA5-737C0ADCE716}.Release|Any CPU.ActiveCfg = Release|x64
		{ACB64338-2EA1-4812-ABA5-737C0ADCE716}.Release|Any CPU.Build.0 = Release|x64
		{ACB64338-2EA1-4812-ABA5-737C0ADCE716}.Release|Any CPU.Deploy.0 = Release|x64
		{ACB64338-2EA1-4812-ABA5-737C0ADCE716}.Release|ARM.ActiveCfg = Release|ARM
		{ACB64338-2EA1-4812-ABA5-737C0ADCE716}.Release|ARM.Build.0 = Release|ARM
		{ACB64338-2EA1-4812-ABA5-737C0ADCE716}.Release|ARM.Deploy.0 = Release|ARM
		{ACB64338-2EA1-4812-ABA5-737C0ADCE716}.Release|iPhone.ActiveCfg = Release|x64
		{ACB64338-2EA1-4812-ABA5-737C0ADCE716}.Release|iPhone.Build.0 = Release|x64
		{ACB64338-2EA1-4812-ABA5-737C0ADCE716}.Release|iPhone.Deploy.0 = Release|x64
		{ACB64338-2EA1-4812-ABA5-737C0ADCE716}.Release|iPhoneSimulator.ActiveCfg = Release|x64
		{ACB64338-2EA1-4812-ABA5-737C0ADCE716}.Release|iPhoneSimulator.Build.0 = Release|x64
		{ACB64338-2EA1-4812-ABA5-737C0ADCE716}.Release|iPhoneSimulator.Deploy.0 = Release|x64
		{ACB64338-2EA1-4812-ABA5-737C0ADCE716}.Release|x64.ActiveCfg = Release|x64
		{ACB64338-2EA1-4812-ABA5-737C0ADCE716}.Release|x64.Build.0 = Release|x64
		{ACB64338-2EA1-4812-ABA5-737C0ADCE716}.Release|x64.Deploy.0 = Release|x64
		{ACB64338-2EA1-4812-ABA5-737C0ADCE716}.Release|x86.ActiveCfg = Release|x86
		{ACB64338-2EA1-4812-ABA5-737C0ADCE716}.Release|x86.Build.0 = Release|x86
		{ACB64338-2EA1-4812-ABA5-737C0ADCE716}.Release|x86.Deploy.0 = Release|x86
		{7EAC8C4D-8A1F-450B-B0CB-2A6B2BD0E46D}.Debug|Any CPU.ActiveCfg = Debug|Any CPU
		{7EAC8C4D-8A1F-450B-B0CB-2A6B2BD0E46D}.Debug|Any CPU.Build.0 = Debug|Any CPU
		{7EAC8C4D-8A1F-450B-B0CB-2A6B2BD0E46D}.Debug|Any CPU.Deploy.0 = Debug|Any CPU
		{7EAC8C4D-8A1F-450B-B0CB-2A6B2BD0E46D}.Debug|ARM.ActiveCfg = Debug|Any CPU
		{7EAC8C4D-8A1F-450B-B0CB-2A6B2BD0E46D}.Debug|ARM.Build.0 = Debug|Any CPU
		{7EAC8C4D-8A1F-450B-B0CB-2A6B2BD0E46D}.Debug|ARM.Deploy.0 = Debug|Any CPU
		{7EAC8C4D-8A1F-450B-B0CB-2A6B2BD0E46D}.Debug|iPhone.ActiveCfg = Debug|Any CPU
		{7EAC8C4D-8A1F-450B-B0CB-2A6B2BD0E46D}.Debug|iPhone.Build.0 = Debug|Any CPU
		{7EAC8C4D-8A1F-450B-B0CB-2A6B2BD0E46D}.Debug|iPhone.Deploy.0 = Debug|Any CPU
		{7EAC8C4D-8A1F-450B-B0CB-2A6B2BD0E46D}.Debug|iPhoneSimulator.ActiveCfg = Debug|Any CPU
		{7EAC8C4D-8A1F-450B-B0CB-2A6B2BD0E46D}.Debug|iPhoneSimulator.Build.0 = Debug|Any CPU
		{7EAC8C4D-8A1F-450B-B0CB-2A6B2BD0E46D}.Debug|iPhoneSimulator.Deploy.0 = Debug|Any CPU
		{7EAC8C4D-8A1F-450B-B0CB-2A6B2BD0E46D}.Debug|x64.ActiveCfg = Debug|Any CPU
		{7EAC8C4D-8A1F-450B-B0CB-2A6B2BD0E46D}.Debug|x64.Build.0 = Debug|Any CPU
		{7EAC8C4D-8A1F-450B-B0CB-2A6B2BD0E46D}.Debug|x64.Deploy.0 = Debug|Any CPU
		{7EAC8C4D-8A1F-450B-B0CB-2A6B2BD0E46D}.Debug|x86.ActiveCfg = Debug|Any CPU
		{7EAC8C4D-8A1F-450B-B0CB-2A6B2BD0E46D}.Debug|x86.Build.0 = Debug|Any CPU
		{7EAC8C4D-8A1F-450B-B0CB-2A6B2BD0E46D}.Debug|x86.Deploy.0 = Debug|Any CPU
		{7EAC8C4D-8A1F-450B-B0CB-2A6B2BD0E46D}.Release|Any CPU.ActiveCfg = Release|Any CPU
		{7EAC8C4D-8A1F-450B-B0CB-2A6B2BD0E46D}.Release|Any CPU.Build.0 = Release|Any CPU
		{7EAC8C4D-8A1F-450B-B0CB-2A6B2BD0E46D}.Release|Any CPU.Deploy.0 = Release|Any CPU
		{7EAC8C4D-8A1F-450B-B0CB-2A6B2BD0E46D}.Release|ARM.ActiveCfg = Release|Any CPU
		{7EAC8C4D-8A1F-450B-B0CB-2A6B2BD0E46D}.Release|ARM.Build.0 = Release|Any CPU
		{7EAC8C4D-8A1F-450B-B0CB-2A6B2BD0E46D}.Release|ARM.Deploy.0 = Release|Any CPU
		{7EAC8C4D-8A1F-450B-B0CB-2A6B2BD0E46D}.Release|iPhone.ActiveCfg = Release|Any CPU
		{7EAC8C4D-8A1F-450B-B0CB-2A6B2BD0E46D}.Release|iPhone.Build.0 = Release|Any CPU
		{7EAC8C4D-8A1F-450B-B0CB-2A6B2BD0E46D}.Release|iPhone.Deploy.0 = Release|Any CPU
		{7EAC8C4D-8A1F-450B-B0CB-2A6B2BD0E46D}.Release|iPhoneSimulator.ActiveCfg = Release|Any CPU
		{7EAC8C4D-8A1F-450B-B0CB-2A6B2BD0E46D}.Release|iPhoneSimulator.Build.0 = Release|Any CPU
		{7EAC8C4D-8A1F-450B-B0CB-2A6B2BD0E46D}.Release|iPhoneSimulator.Deploy.0 = Release|Any CPU
		{7EAC8C4D-8A1F-450B-B0CB-2A6B2BD0E46D}.Release|x64.ActiveCfg = Release|Any CPU
		{7EAC8C4D-8A1F-450B-B0CB-2A6B2BD0E46D}.Release|x64.Build.0 = Release|Any CPU
		{7EAC8C4D-8A1F-450B-B0CB-2A6B2BD0E46D}.Release|x64.Deploy.0 = Release|Any CPU
		{7EAC8C4D-8A1F-450B-B0CB-2A6B2BD0E46D}.Release|x86.ActiveCfg = Release|Any CPU
		{7EAC8C4D-8A1F-450B-B0CB-2A6B2BD0E46D}.Release|x86.Build.0 = Release|Any CPU
		{7EAC8C4D-8A1F-450B-B0CB-2A6B2BD0E46D}.Release|x86.Deploy.0 = Release|Any CPU
		{5D196DE2-9A4A-42BE-9462-D296DCDC2B47}.Debug|Any CPU.ActiveCfg = Debug|iPhoneSimulator
		{5D196DE2-9A4A-42BE-9462-D296DCDC2B47}.Debug|Any CPU.Build.0 = Debug|iPhoneSimulator
		{5D196DE2-9A4A-42BE-9462-D296DCDC2B47}.Debug|ARM.ActiveCfg = Debug|iPhoneSimulator
		{5D196DE2-9A4A-42BE-9462-D296DCDC2B47}.Debug|ARM.Build.0 = Debug|iPhoneSimulator
		{5D196DE2-9A4A-42BE-9462-D296DCDC2B47}.Debug|iPhone.ActiveCfg = Debug|iPhone
		{5D196DE2-9A4A-42BE-9462-D296DCDC2B47}.Debug|iPhone.Build.0 = Debug|iPhone
		{5D196DE2-9A4A-42BE-9462-D296DCDC2B47}.Debug|iPhoneSimulator.ActiveCfg = Debug|iPhoneSimulator
		{5D196DE2-9A4A-42BE-9462-D296DCDC2B47}.Debug|iPhoneSimulator.Build.0 = Debug|iPhoneSimulator
		{5D196DE2-9A4A-42BE-9462-D296DCDC2B47}.Debug|x64.ActiveCfg = Debug|iPhoneSimulator
		{5D196DE2-9A4A-42BE-9462-D296DCDC2B47}.Debug|x64.Build.0 = Debug|iPhoneSimulator
		{5D196DE2-9A4A-42BE-9462-D296DCDC2B47}.Debug|x86.ActiveCfg = Debug|iPhoneSimulator
		{5D196DE2-9A4A-42BE-9462-D296DCDC2B47}.Debug|x86.Build.0 = Debug|iPhoneSimulator
		{5D196DE2-9A4A-42BE-9462-D296DCDC2B47}.Release|Any CPU.ActiveCfg = Release|iPhoneSimulator
		{5D196DE2-9A4A-42BE-9462-D296DCDC2B47}.Release|Any CPU.Build.0 = Release|iPhoneSimulator
		{5D196DE2-9A4A-42BE-9462-D296DCDC2B47}.Release|ARM.ActiveCfg = Release|iPhoneSimulator
		{5D196DE2-9A4A-42BE-9462-D296DCDC2B47}.Release|ARM.Build.0 = Release|iPhoneSimulator
		{5D196DE2-9A4A-42BE-9462-D296DCDC2B47}.Release|iPhone.ActiveCfg = Release|iPhone
		{5D196DE2-9A4A-42BE-9462-D296DCDC2B47}.Release|iPhone.Build.0 = Release|iPhone
		{5D196DE2-9A4A-42BE-9462-D296DCDC2B47}.Release|iPhoneSimulator.ActiveCfg = Release|iPhoneSimulator
		{5D196DE2-9A4A-42BE-9462-D296DCDC2B47}.Release|iPhoneSimulator.Build.0 = Release|iPhoneSimulator
		{5D196DE2-9A4A-42BE-9462-D296DCDC2B47}.Release|x64.ActiveCfg = Release|iPhoneSimulator
		{5D196DE2-9A4A-42BE-9462-D296DCDC2B47}.Release|x64.Build.0 = Release|iPhoneSimulator
		{5D196DE2-9A4A-42BE-9462-D296DCDC2B47}.Release|x86.ActiveCfg = Release|iPhoneSimulator
		{5D196DE2-9A4A-42BE-9462-D296DCDC2B47}.Release|x86.Build.0 = Release|iPhoneSimulator
		{9C83BCF0-1385-43B5-AA24-1686F541F529}.Debug|Any CPU.ActiveCfg = Debug|Any CPU
		{9C83BCF0-1385-43B5-AA24-1686F541F529}.Debug|Any CPU.Build.0 = Debug|Any CPU
		{9C83BCF0-1385-43B5-AA24-1686F541F529}.Debug|ARM.ActiveCfg = Debug|Any CPU
		{9C83BCF0-1385-43B5-AA24-1686F541F529}.Debug|ARM.Build.0 = Debug|Any CPU
		{9C83BCF0-1385-43B5-AA24-1686F541F529}.Debug|iPhone.ActiveCfg = Debug|Any CPU
		{9C83BCF0-1385-43B5-AA24-1686F541F529}.Debug|iPhone.Build.0 = Debug|Any CPU
		{9C83BCF0-1385-43B5-AA24-1686F541F529}.Debug|iPhoneSimulator.ActiveCfg = Debug|Any CPU
		{9C83BCF0-1385-43B5-AA24-1686F541F529}.Debug|iPhoneSimulator.Build.0 = Debug|Any CPU
		{9C83BCF0-1385-43B5-AA24-1686F541F529}.Debug|x64.ActiveCfg = Debug|Any CPU
		{9C83BCF0-1385-43B5-AA24-1686F541F529}.Debug|x64.Build.0 = Debug|Any CPU
		{9C83BCF0-1385-43B5-AA24-1686F541F529}.Debug|x86.ActiveCfg = Debug|Any CPU
		{9C83BCF0-1385-43B5-AA24-1686F541F529}.Debug|x86.Build.0 = Debug|Any CPU
		{9C83BCF0-1385-43B5-AA24-1686F541F529}.Release|Any CPU.ActiveCfg = Release|Any CPU
		{9C83BCF0-1385-43B5-AA24-1686F541F529}.Release|Any CPU.Build.0 = Release|Any CPU
		{9C83BCF0-1385-43B5-AA24-1686F541F529}.Release|ARM.ActiveCfg = Release|Any CPU
		{9C83BCF0-1385-43B5-AA24-1686F541F529}.Release|ARM.Build.0 = Release|Any CPU
		{9C83BCF0-1385-43B5-AA24-1686F541F529}.Release|iPhone.ActiveCfg = Release|Any CPU
		{9C83BCF0-1385-43B5-AA24-1686F541F529}.Release|iPhone.Build.0 = Release|Any CPU
		{9C83BCF0-1385-43B5-AA24-1686F541F529}.Release|iPhoneSimulator.ActiveCfg = Release|Any CPU
		{9C83BCF0-1385-43B5-AA24-1686F541F529}.Release|iPhoneSimulator.Build.0 = Release|Any CPU
		{9C83BCF0-1385-43B5-AA24-1686F541F529}.Release|x64.ActiveCfg = Release|Any CPU
		{9C83BCF0-1385-43B5-AA24-1686F541F529}.Release|x64.Build.0 = Release|Any CPU
		{9C83BCF0-1385-43B5-AA24-1686F541F529}.Release|x86.ActiveCfg = Release|Any CPU
		{9C83BCF0-1385-43B5-AA24-1686F541F529}.Release|x86.Build.0 = Release|Any CPU
	EndGlobalSection
	GlobalSection(SolutionProperties) = preSolution
		HideSolutionNode = FALSE
	EndGlobalSection
	GlobalSection(ExtensibilityGlobals) = postSolution
		SolutionGuid = {933D47FE-3EF2-4DBA-806F-E8B58B6B8D3A}
	EndGlobalSection
EndGlobal
